{
  "name": "usos-dark",
  "lockfileVersion": 2,
  "requires": true,
  "packages": {
    "": {
      "name": "usos-dark",
      "license": "MIT",
      "devDependencies": {
        "bun-build-userscript": "^1.2.3",
        "typescript": "^5.0.4"
      }
    },
    "node_modules/bun-build-userscript": {
      "version": "1.2.3",
      "resolved": "https://registry.npmjs.org/bun-build-userscript/-/bun-build-userscript-1.2.3.tgz",
      "integrity": "sha512-f9E4w6yBUJYHIHxrJytw2aYs20sJzX4rzZdyzjq22rC/HcMxvwcqAeGhrvJbVeF6WNzrGG1uknjtB/fa+t9RPA==",
      "dev": true,
      "bin": {
        "build-userscript": "bin.ts"
      },
      "peerDependencies": {
        "typescript": "^5.0.0"
      }
    },
    "node_modules/typescript": {
      "version": "5.0.4",
      "resolved": "https://registry.npmjs.org/typescript/-/typescript-5.0.4.tgz",
      "integrity": "sha512-cW9T5W9xY37cc+jfEnaUvX91foxtHkza3Nw3wkoF4sSlKn0MONdkdEndig/qPBWXNkmplh3NzayQzCiHM4/hqw==",
      "dev": true,
      "bin": {
        "tsc": "bin/tsc",
        "tsserver": "bin/tsserver"
      },
      "engines": {
        "node": ">=12.20"
      }
    }
  },
  "dependencies": {
    "bun-build-userscript": {
      "version": "1.2.3",
      "resolved": "https://registry.npmjs.org/bun-build-userscript/-/bun-build-userscript-1.2.3.tgz",
      "integrity": "sha512-f9E4w6yBUJYHIHxrJytw2aYs20sJzX4rzZdyzjq22rC/HcMxvwcqAeGhrvJbVeF6WNzrGG1uknjtB/fa+t9RPA==",
      "dev": true,
      "requires": {}
    },
    "typescript": {
      "version": "5.0.4",
      "resolved": "https://registry.npmjs.org/typescript/-/typescript-5.0.4.tgz",
      "integrity": "sha512-cW9T5W9xY37cc+jfEnaUvX91foxtHkza3Nw3wkoF4sSlKn0MONdkdEndig/qPBWXNkmplh3NzayQzCiHM4/hqw==",
      "dev": true
    }
  }
}
